
Microsoft Visual Studio Solution File, Format Version 12.00
# Visual Studio Version 17
VisualStudioVersion = 17.4.33213.308
MinimumVisualStudioVersion = 10.0.40219.1
Project("{9A19103F-16F7-4668-BE54-9A1E7A4F7556}") = "NumberConversion", "NumberConversion.csproj", "{8B412003-C2A6-4989-9773-F7BE7B37A5F0}"
EndProject
Project("{9A19103F-16F7-4668-BE54-9A1E7A4F7556}") = "NumberConversionUT", "..\TestNumberConversion\NumberConversionUT.csproj", "{698F94DC-273F-4427-A074-743DD37BD837}"
EndProject
Global
	GlobalSection(SolutionConfigurationPlatforms) = preSolution
		Debug|Any CPU = Debug|Any CPU
		Release|Any CPU = Release|Any CPU
	EndGlobalSection
	GlobalSection(ProjectConfigurationPlatforms) = postSolution
		{8B412003-C2A6-4989-9773-F7BE7B37A5F0}.Debug|Any CPU.ActiveCfg = Debug|Any CPU
		{8B412003-C2A6-4989-9773-F7BE7B37A5F0}.Debug|Any CPU.Build.0 = Debug|Any CPU
		{8B412003-C2A6-4989-9773-F7BE7B37A5F0}.Release|Any CPU.ActiveCfg = Release|Any CPU
		{8B412003-C2A6-4989-9773-F7BE7B37A5F0}.Release|Any CPU.Build.0 = Release|Any CPU
		{698F94DC-273F-4427-A074-743DD37BD837}.Debug|Any CPU.ActiveCfg = Debug|Any CPU
		{698F94DC-273F-4427-A074-743DD37BD837}.Debug|Any CPU.Build.0 = Debug|Any CPU
		{698F94DC-273F-4427-A074-743DD37BD837}.Release|Any CPU.ActiveCfg = Release|Any CPU
		{698F94DC-273F-4427-A074-743DD37BD837}.Release|Any CPU.Build.0 = Release|Any CPU
	EndGlobalSection
	GlobalSection(SolutionProperties) = preSolution
		HideSolutionNode = FALSE
	EndGlobalSection
	GlobalSection(ExtensibilityGlobals) = postSolution
		SolutionGuid = {B3362C60-3DC8-4B6C-8DBC-7C493F81F673}
	EndGlobalSection
EndGlobal
